
Microsoft Visual Studio Solution File, Format Version 12.00
# Visual Studio 14
VisualStudioVersion = 14.0.25123.0
MinimumVisualStudioVersion = 10.0.40219.1
Project("{FAE04EC0-301F-11D3-BF4B-00C04F79EFBC}") = "NinjaDomain.Classes", "NinjaDomain.Classes\NinjaDomain.Classes.csproj", "{EF6F2DE0-726D-4C05-A0A9-0571409CA274}"
EndProject
Project("{FAE04EC0-301F-11D3-BF4B-00C04F79EFBC}") = "NinjaDomain.DataModel", "NinjaDomain.DataModel\NinjaDomain.DataModel.csproj", "{F140BFE0-073A-4527-A7D2-C3402E8D5FAB}"
EndProject
Project("{FAE04EC0-301F-11D3-BF4B-00C04F79EFBC}") = "ConsoleApplication", "ConsoleApplication1\ConsoleApplication.csproj", "{835CC066-0E9A-49C9-9F69-9DAD9AB148F3}"
EndProject
Global
	GlobalSection(SolutionConfigurationPlatforms) = preSolution
		Debug|Any CPU = Debug|Any CPU
		Release|Any CPU = Release|Any CPU
	EndGlobalSection
	GlobalSection(ProjectConfigurationPlatforms) = postSolution
		{EF6F2DE0-726D-4C05-A0A9-0571409CA274}.Debug|Any CPU.ActiveCfg = Debug|Any CPU
		{EF6F2DE0-726D-4C05-A0A9-0571409CA274}.Debug|Any CPU.Build.0 = Debug|Any CPU
		{EF6F2DE0-726D-4C05-A0A9-0571409CA274}.Release|Any CPU.ActiveCfg = Release|Any CPU
		{EF6F2DE0-726D-4C05-A0A9-0571409CA274}.Release|Any CPU.Build.0 = Release|Any CPU
		{F140BFE0-073A-4527-A7D2-C3402E8D5FAB}.Debug|Any CPU.ActiveCfg = Debug|Any CPU
		{F140BFE0-073A-4527-A7D2-C3402E8D5FAB}.Debug|Any CPU.Build.0 = Debug|Any CPU
		{F140BFE0-073A-4527-A7D2-C3402E8D5FAB}.Release|Any CPU.ActiveCfg = Release|Any CPU
		{F140BFE0-073A-4527-A7D2-C3402E8D5FAB}.Release|Any CPU.Build.0 = Release|Any CPU
		{835CC066-0E9A-49C9-9F69-9DAD9AB148F3}.Debug|Any CPU.ActiveCfg = Debug|Any CPU
		{835CC066-0E9A-49C9-9F69-9DAD9AB148F3}.Debug|Any CPU.Build.0 = Debug|Any CPU
		{835CC066-0E9A-49C9-9F69-9DAD9AB148F3}.Release|Any CPU.ActiveCfg = Release|Any CPU
		{835CC066-0E9A-49C9-9F69-9DAD9AB148F3}.Release|Any CPU.Build.0 = Release|Any CPU
	EndGlobalSection
	GlobalSection(SolutionProperties) = preSolution
		HideSolutionNode = FALSE
	EndGlobalSection
EndGlobal
